
Microsoft Visual Studio Solution File, Format Version 12.00
# TcXaeShell Solution File, Format Version 11.00
VisualStudioVersion = 17.10.35827.194
MinimumVisualStudioVersion = 10.0.40219.1
Project("{B1E792BE-AA5F-4E3C-8C82-674BF9C0715B}") = "minimal", "minimal.tsproj", "{84D78A05-87DB-4105-9FC5-0DABE88C0F1A}"
EndProject
Global
	GlobalSection(SolutionConfigurationPlatforms) = preSolution
		Debug|TwinCAT OS (ARMV7-A) = Debug|TwinCAT OS (ARMV7-A)
		Debug|TwinCAT OS (ARMV7-M) = Debug|TwinCAT OS (ARMV7-M)
		Debug|TwinCAT OS (ARMV8-A) = Debug|TwinCAT OS (ARMV8-A)
		Debug|TwinCAT OS (x64) = Debug|TwinCAT OS (x64)
		Debug|TwinCAT OS (x64-E) = Debug|TwinCAT OS (x64-E)
		Debug|TwinCAT RT (x64) = Debug|TwinCAT RT (x64)
		Debug|TwinCAT RT (x86) = Debug|TwinCAT RT (x86)
		Release|TwinCAT OS (ARMV7-A) = Release|TwinCAT OS (ARMV7-A)
		Release|TwinCAT OS (ARMV7-M) = Release|TwinCAT OS (ARMV7-M)
		Release|TwinCAT OS (ARMV8-A) = Release|TwinCAT OS (ARMV8-A)
		Release|TwinCAT OS (x64) = Release|TwinCAT OS (x64)
		Release|TwinCAT OS (x64-E) = Release|TwinCAT OS (x64-E)
		Release|TwinCAT RT (x64) = Release|TwinCAT RT (x64)
		Release|TwinCAT RT (x86) = Release|TwinCAT RT (x86)
	EndGlobalSection
	GlobalSection(ProjectConfigurationPlatforms) = postSolution
		{84D78A05-87DB-4105-9FC5-0DABE88C0F1A}.Debug|TwinCAT OS (ARMV7-A).ActiveCfg = Debug|TwinCAT OS (ARMV7-A)
		{84D78A05-87DB-4105-9FC5-0DABE88C0F1A}.Debug|TwinCAT OS (ARMV7-A).Build.0 = Debug|TwinCAT OS (ARMV7-A)
		{84D78A05-87DB-4105-9FC5-0DABE88C0F1A}.Debug|TwinCAT OS (ARMV7-M).ActiveCfg = Debug|TwinCAT OS (ARMV7-M)
		{84D78A05-87DB-4105-9FC5-0DABE88C0F1A}.Debug|TwinCAT OS (ARMV7-M).Build.0 = Debug|TwinCAT OS (ARMV7-M)
		{84D78A05-87DB-4105-9FC5-0DABE88C0F1A}.Debug|TwinCAT OS (ARMV8-A).ActiveCfg = Debug|TwinCAT OS (ARMV8-A)
		{84D78A05-87DB-4105-9FC5-0DABE88C0F1A}.Debug|TwinCAT OS (ARMV8-A).Build.0 = Debug|TwinCAT OS (ARMV8-A)
		{84D78A05-87DB-4105-9FC5-0DABE88C0F1A}.Debug|TwinCAT OS (x64).ActiveCfg = Debug|TwinCAT OS (x64)
		{84D78A05-87DB-4105-9FC5-0DABE88C0F1A}.Debug|TwinCAT OS (x64).Build.0 = Debug|TwinCAT OS (x64)
		{84D78A05-87DB-4105-9FC5-0DABE88C0F1A}.Debug|TwinCAT OS (x64-E).ActiveCfg = Debug|TwinCAT OS (x64-E)
		{84D78A05-87DB-4105-9FC5-0DABE88C0F1A}.Debug|TwinCAT OS (x64-E).Build.0 = Debug|TwinCAT OS (x64-E)
		{84D78A05-87DB-4105-9FC5-0DABE88C0F1A}.Debug|TwinCAT RT (x64).ActiveCfg = Debug|TwinCAT RT (x64)
		{84D78A05-87DB-4105-9FC5-0DABE88C0F1A}.Debug|TwinCAT RT (x64).Build.0 = Debug|TwinCAT RT (x64)
		{84D78A05-87DB-4105-9FC5-0DABE88C0F1A}.Debug|TwinCAT RT (x86).ActiveCfg = Debug|TwinCAT RT (x86)
		{84D78A05-87DB-4105-9FC5-0DABE88C0F1A}.Debug|TwinCAT RT (x86).Build.0 = Debug|TwinCAT RT (x86)
		{84D78A05-87DB-4105-9FC5-0DABE88C0F1A}.Release|TwinCAT OS (ARMV7-A).ActiveCfg = Release|TwinCAT OS (ARMV7-A)
		{84D78A05-87DB-4105-9FC5-0DABE88C0F1A}.Release|TwinCAT OS (ARMV7-A).Build.0 = Release|TwinCAT OS (ARMV7-A)
		{84D78A05-87DB-4105-9FC5-0DABE88C0F1A}.Release|TwinCAT OS (ARMV7-M).ActiveCfg = Release|TwinCAT OS (ARMV7-M)
		{84D78A05-87DB-4105-9FC5-0DABE88C0F1A}.Release|TwinCAT OS (ARMV7-M).Build.0 = Release|TwinCAT OS (ARMV7-M)
		{84D78A05-87DB-4105-9FC5-0DABE88C0F1A}.Release|TwinCAT OS (ARMV8-A).ActiveCfg = Release|TwinCAT OS (ARMV8-A)
		{84D78A05-87DB-4105-9FC5-0DABE88C0F1A}.Release|TwinCAT OS (ARMV8-A).Build.0 = Release|TwinCAT OS (ARMV8-A)
		{84D78A05-87DB-4105-9FC5-0DABE88C0F1A}.Release|TwinCAT OS (x64).ActiveCfg = Release|TwinCAT OS (x64)
		{84D78A05-87DB-4105-9FC5-0DABE88C0F1A}.Release|TwinCAT OS (x64).Build.0 = Release|TwinCAT OS (x64)
		{84D78A05-87DB-4105-9FC5-0DABE88C0F1A}.Release|TwinCAT OS (x64-E).ActiveCfg = Release|TwinCAT OS (x64-E)
		{84D78A05-87DB-4105-9FC5-0DABE88C0F1A}.Release|TwinCAT OS (x64-E).Build.0 = Release|TwinCAT OS (x64-E)
		{84D78A05-87DB-4105-9FC5-0DABE88C0F1A}.Release|TwinCAT RT (x64).ActiveCfg = Release|TwinCAT RT (x64)
		{84D78A05-87DB-4105-9FC5-0DABE88C0F1A}.Release|TwinCAT RT (x64).Build.0 = Release|TwinCAT RT (x64)
		{84D78A05-87DB-4105-9FC5-0DABE88C0F1A}.Release|TwinCAT RT (x86).ActiveCfg = Release|TwinCAT RT (x86)
		{84D78A05-87DB-4105-9FC5-0DABE88C0F1A}.Release|TwinCAT RT (x86).Build.0 = Release|TwinCAT RT (x86)
		{D2A09F6D-2043-41D8-8816-4F47EF6BAD88}.Debug|TwinCAT OS (ARMV7-A).ActiveCfg = Debug|TwinCAT OS (ARMV7-A)
		{D2A09F6D-2043-41D8-8816-4F47EF6BAD88}.Debug|TwinCAT OS (ARMV7-A).Build.0 = Debug|TwinCAT OS (ARMV7-A)
		{D2A09F6D-2043-41D8-8816-4F47EF6BAD88}.Debug|TwinCAT OS (ARMV7-M).ActiveCfg = Debug|TwinCAT OS (ARMV7-M)
		{D2A09F6D-2043-41D8-8816-4F47EF6BAD88}.Debug|TwinCAT OS (ARMV7-M).Build.0 = Debug|TwinCAT OS (ARMV7-M)
		{D2A09F6D-2043-41D8-8816-4F47EF6BAD88}.Debug|TwinCAT OS (ARMV8-A).ActiveCfg = Debug|TwinCAT OS (ARMV8-A)
		{D2A09F6D-2043-41D8-8816-4F47EF6BAD88}.Debug|TwinCAT OS (ARMV8-A).Build.0 = Debug|TwinCAT OS (ARMV8-A)
		{D2A09F6D-2043-41D8-8816-4F47EF6BAD88}.Debug|TwinCAT OS (x64).ActiveCfg = Debug|TwinCAT OS (x64)
		{D2A09F6D-2043-41D8-8816-4F47EF6BAD88}.Debug|TwinCAT OS (x64).Build.0 = Debug|TwinCAT OS (x64)
		{D2A09F6D-2043-41D8-8816-4F47EF6BAD88}.Debug|TwinCAT OS (x64-E).ActiveCfg = Debug|TwinCAT OS (x64-E)
		{D2A09F6D-2043-41D8-8816-4F47EF6BAD88}.Debug|TwinCAT OS (x64-E).Build.0 = Debug|TwinCAT OS (x64-E)
		{D2A09F6D-2043-41D8-8816-4F47EF6BAD88}.Debug|TwinCAT RT (x64).ActiveCfg = Debug|TwinCAT RT (x64)
		{D2A09F6D-2043-41D8-8816-4F47EF6BAD88}.Debug|TwinCAT RT (x64).Build.0 = Debug|TwinCAT RT (x64)
		{D2A09F6D-2043-41D8-8816-4F47EF6BAD88}.Debug|TwinCAT RT (x86).ActiveCfg = Debug|TwinCAT RT (x86)
		{D2A09F6D-2043-41D8-8816-4F47EF6BAD88}.Debug|TwinCAT RT (x86).Build.0 = Debug|TwinCAT RT (x86)
		{D2A09F6D-2043-41D8-8816-4F47EF6BAD88}.Release|TwinCAT OS (ARMV7-A).ActiveCfg = Release|TwinCAT OS (ARMV7-A)
		{D2A09F6D-2043-41D8-8816-4F47EF6BAD88}.Release|TwinCAT OS (ARMV7-A).Build.0 = Release|TwinCAT OS (ARMV7-A)
		{D2A09F6D-2043-41D8-8816-4F47EF6BAD88}.Release|TwinCAT OS (ARMV7-M).ActiveCfg = Release|TwinCAT OS (ARMV7-M)
		{D2A09F6D-2043-41D8-8816-4F47EF6BAD88}.Release|TwinCAT OS (ARMV7-M).Build.0 = Release|TwinCAT OS (ARMV7-M)
		{D2A09F6D-2043-41D8-8816-4F47EF6BAD88}.Release|TwinCAT OS (ARMV8-A).ActiveCfg = Release|TwinCAT OS (ARMV8-A)
		{D2A09F6D-2043-41D8-8816-4F47EF6BAD88}.Release|TwinCAT OS (ARMV8-A).Build.0 = Release|TwinCAT OS (ARMV8-A)
		{D2A09F6D-2043-41D8-8816-4F47EF6BAD88}.Release|TwinCAT OS (x64).ActiveCfg = Release|TwinCAT OS (x64)
		{D2A09F6D-2043-41D8-8816-4F47EF6BAD88}.Release|TwinCAT OS (x64).Build.0 = Release|TwinCAT OS (x64)
		{D2A09F6D-2043-41D8-8816-4F47EF6BAD88}.Release|TwinCAT OS (x64-E).ActiveCfg = Release|TwinCAT OS (x64-E)
		{D2A09F6D-2043-41D8-8816-4F47EF6BAD88}.Release|TwinCAT OS (x64-E).Build.0 = Release|TwinCAT OS (x64-E)
		{D2A09F6D-2043-41D8-8816-4F47EF6BAD88}.Release|TwinCAT RT (x64).ActiveCfg = Release|TwinCAT RT (x64)
		{D2A09F6D-2043-41D8-8816-4F47EF6BAD88}.Release|TwinCAT RT (x64).Build.0 = Release|TwinCAT RT (x64)
		{D2A09F6D-2043-41D8-8816-4F47EF6BAD88}.Release|TwinCAT RT (x86).ActiveCfg = Release|TwinCAT RT (x86)
		{D2A09F6D-2043-41D8-8816-4F47EF6BAD88}.Release|TwinCAT RT (x86).Build.0 = Release|TwinCAT RT (x86)
	EndGlobalSection
	GlobalSection(SolutionProperties) = preSolution
		HideSolutionNode = FALSE
	EndGlobalSection
	GlobalSection(ExtensibilityGlobals) = postSolution
		SolutionGuid = {FC372388-FEF9-46E5-842C-7513B1486574}
	EndGlobalSection
EndGlobal
